
Microsoft Visual Studio Solution File, Format Version 12.00
# Visual Studio Version 16
VisualStudioVersion = 16.0.30114.105
MinimumVisualStudioVersion = 10.0.40219.1
Project("{888888A0-9F3D-457C-B088-3A5042F75D52}") = "pinyintest", "pinyintest.pyproj", "{90DF25F5-398B-490F-8C9A-C5EDEB9DE1EF}"
EndProject
Global
	GlobalSection(SolutionConfigurationPlatforms) = preSolution
		Debug|Any CPU = Debug|Any CPU
		Release|Any CPU = Release|Any CPU
	EndGlobalSection
	GlobalSection(ProjectConfigurationPlatforms) = postSolution
		{90DF25F5-398B-490F-8C9A-C5EDEB9DE1EF}.Debug|Any CPU.ActiveCfg = Debug|Any CPU
		{90DF25F5-398B-490F-8C9A-C5EDEB9DE1EF}.Release|Any CPU.ActiveCfg = Release|Any CPU
	EndGlobalSection
	GlobalSection(SolutionProperties) = preSolution
		HideSolutionNode = FALSE
	EndGlobalSection
	GlobalSection(ExtensibilityGlobals) = postSolution
		SolutionGuid = {B044D66B-C26B-4747-B723-72B6E628B893}
	EndGlobalSection
EndGlobal
